
Microsoft Visual Studio Solution File, Format Version 12.00
# Visual Studio Version 17
VisualStudioVersion = 17.9.34723.18
MinimumVisualStudioVersion = 10.0.40219.1
Project("{FAE04EC0-301F-11D3-BF4B-00C04F79EFBC}") = "01_startup", "01_startup\01_startup.csproj", "{5397BB3E-125B-4091-8D46-9AD3C1CE9C3D}"
EndProject
Project("{FAE04EC0-301F-11D3-BF4B-00C04F79EFBC}") = "02_variables", "02_variables\02_variables.csproj", "{E0E80E3C-0F9C-4172-9D41-C083C8CA0C03}"
EndProject
Global
	GlobalSection(SolutionConfigurationPlatforms) = preSolution
		Debug|Any CPU = Debug|Any CPU
		Release|Any CPU = Release|Any CPU
	EndGlobalSection
	GlobalSection(ProjectConfigurationPlatforms) = postSolution
		{5397BB3E-125B-4091-8D46-9AD3C1CE9C3D}.Debug|Any CPU.ActiveCfg = Debug|Any CPU
		{5397BB3E-125B-4091-8D46-9AD3C1CE9C3D}.Debug|Any CPU.Build.0 = Debug|Any CPU
		{5397BB3E-125B-4091-8D46-9AD3C1CE9C3D}.Release|Any CPU.ActiveCfg = Release|Any CPU
		{5397BB3E-125B-4091-8D46-9AD3C1CE9C3D}.Release|Any CPU.Build.0 = Release|Any CPU
		{E0E80E3C-0F9C-4172-9D41-C083C8CA0C03}.Debug|Any CPU.ActiveCfg = Debug|Any CPU
		{E0E80E3C-0F9C-4172-9D41-C083C8CA0C03}.Debug|Any CPU.Build.0 = Debug|Any CPU
		{E0E80E3C-0F9C-4172-9D41-C083C8CA0C03}.Release|Any CPU.ActiveCfg = Release|Any CPU
		{E0E80E3C-0F9C-4172-9D41-C083C8CA0C03}.Release|Any CPU.Build.0 = Release|Any CPU
	EndGlobalSection
	GlobalSection(SolutionProperties) = preSolution
		HideSolutionNode = FALSE
	EndGlobalSection
	GlobalSection(ExtensibilityGlobals) = postSolution
		SolutionGuid = {23EBA881-C944-4FCE-BF7A-377B05C5701C}
	EndGlobalSection
EndGlobal
